
Microsoft Visual Studio Solution File, Format Version 12.00
# Visual Studio Version 17
VisualStudioVersion = 17.3.32922.545
MinimumVisualStudioVersion = 10.0.40219.1
Project("{FAE04EC0-301F-11D3-BF4B-00C04F79EFBC}") = "ProjectGameDev", "ProjectGameDev\ProjectGameDev.csproj", "{AD196EAF-A352-4590-B32F-0F88B32949DD}"
EndProject
Global
	GlobalSection(SolutionConfigurationPlatforms) = preSolution
		Debug|Any CPU = Debug|Any CPU
		Release|Any CPU = Release|Any CPU
	EndGlobalSection
	GlobalSection(ProjectConfigurationPlatforms) = postSolution
		{AD196EAF-A352-4590-B32F-0F88B32949DD}.Debug|Any CPU.ActiveCfg = Debug|Any CPU
		{AD196EAF-A352-4590-B32F-0F88B32949DD}.Debug|Any CPU.Build.0 = Debug|Any CPU
		{AD196EAF-A352-4590-B32F-0F88B32949DD}.Release|Any CPU.ActiveCfg = Release|Any CPU
		{AD196EAF-A352-4590-B32F-0F88B32949DD}.Release|Any CPU.Build.0 = Release|Any CPU
	EndGlobalSection
	GlobalSection(SolutionProperties) = preSolution
		HideSolutionNode = FALSE
	EndGlobalSection
	GlobalSection(ExtensibilityGlobals) = postSolution
		SolutionGuid = {079629B1-0F05-4FE7-8403-77C6DA533D36}
	EndGlobalSection
EndGlobal
